
Microsoft Visual Studio Solution File, Format Version 12.00
# Visual Studio 15
VisualStudioVersion = 15.0.28307.168
MinimumVisualStudioVersion = 10.0.40219.1
Project("{FAE04EC0-301F-11D3-BF4B-00C04F79EFBC}") = "Calculator", "Calculator\Calculator.csproj", "{B7BD031F-04D9-4E73-B738-A39D38B9E3DE}"
EndProject
Global
	GlobalSection(SolutionConfigurationPlatforms) = preSolution
		Debug|Any CPU = Debug|Any CPU
		Release|Any CPU = Release|Any CPU
	EndGlobalSection
	GlobalSection(ProjectConfigurationPlatforms) = postSolution
		{B7BD031F-04D9-4E73-B738-A39D38B9E3DE}.Debug|Any CPU.ActiveCfg = Debug|Any CPU
		{B7BD031F-04D9-4E73-B738-A39D38B9E3DE}.Debug|Any CPU.Build.0 = Debug|Any CPU
		{B7BD031F-04D9-4E73-B738-A39D38B9E3DE}.Release|Any CPU.ActiveCfg = Release|Any CPU
		{B7BD031F-04D9-4E73-B738-A39D38B9E3DE}.Release|Any CPU.Build.0 = Release|Any CPU
	EndGlobalSection
	GlobalSection(SolutionProperties) = preSolution
		HideSolutionNode = FALSE
	EndGlobalSection
	GlobalSection(ExtensibilityGlobals) = postSolution
		SolutionGuid = {7C69F545-295B-4592-8076-FA13130CCFDA}
	EndGlobalSection
EndGlobal
